
Microsoft Visual Studio Solution File, Format Version 12.00
# Visual Studio Version 17
VisualStudioVersion = 17.6.33712.159
MinimumVisualStudioVersion = 10.0.40219.1
Project("{FAE04EC0-301F-11D3-BF4B-00C04F79EFBC}") = "Employee Wage Computation Program", "Employee Wage Computation Program.csproj", "{130FC1A2-622A-474C-B4E5-7F585EA73316}"
EndProject
Global
	GlobalSection(SolutionConfigurationPlatforms) = preSolution
		Debug|Any CPU = Debug|Any CPU
		Release|Any CPU = Release|Any CPU
	EndGlobalSection
	GlobalSection(ProjectConfigurationPlatforms) = postSolution
		{130FC1A2-622A-474C-B4E5-7F585EA73316}.Debug|Any CPU.ActiveCfg = Debug|Any CPU
		{130FC1A2-622A-474C-B4E5-7F585EA73316}.Debug|Any CPU.Build.0 = Debug|Any CPU
		{130FC1A2-622A-474C-B4E5-7F585EA73316}.Release|Any CPU.ActiveCfg = Release|Any CPU
		{130FC1A2-622A-474C-B4E5-7F585EA73316}.Release|Any CPU.Build.0 = Release|Any CPU
	EndGlobalSection
	GlobalSection(SolutionProperties) = preSolution
		HideSolutionNode = FALSE
	EndGlobalSection
	GlobalSection(ExtensibilityGlobals) = postSolution
		SolutionGuid = {8B2E5C0C-0368-4467-B3F9-7AA8F73D7B57}
	EndGlobalSection
EndGlobal
